{
  "name": "valdo",
  "version": "1.0.0",
  "lockfileVersion": 1,
  "requires": true,
  "dependencies": {
    "obj2scheme": {
      "version": "1.0.3",
      "resolved": "https://registry.npmjs.org/obj2scheme/-/obj2scheme-1.0.3.tgz",
      "integrity": "sha512-A11zUFK+Z/5X6pHVqwahc9s71jpvWD7wF6jYE9k5S5kg359TGW19J9XK/FUdMygaB2iu8HAu+aclcVJ14sYHVQ=="
    },
    "typescript": {
      "version": "4.4.3",
      "resolved": "https://registry.npmjs.org/typescript/-/typescript-4.4.3.tgz",
      "integrity": "sha512-4xfscpisVgqqDfPaJo5vkd+Qd/ItkoagnHpufr+i2QCHBsNYp+G7UAoyFl8aPtx879u38wPV65rZ8qbGZijalA==",
      "dev": true
    }
  }
}
